
Microsoft Visual Studio Solution File, Format Version 12.00
# Visual Studio 15
VisualStudioVersion = 15.0.28307.489
MinimumVisualStudioVersion = 10.0.40219.1
Project("{8BC9CEB8-8B4A-11D0-8D11-00A0C91BC942}") = "os1", "os1\os1.vcxproj", "{F2023A5A-6233-4713-A185-ECBFB6A3B149}"
EndProject
Global
	GlobalSection(SolutionConfigurationPlatforms) = preSolution
		Debug|x64 = Debug|x64
		Debug|x86 = Debug|x86
		Release|x64 = Release|x64
		Release|x86 = Release|x86
	EndGlobalSection
	GlobalSection(ProjectConfigurationPlatforms) = postSolution
		{F2023A5A-6233-4713-A185-ECBFB6A3B149}.Debug|x64.ActiveCfg = Debug|x64
		{F2023A5A-6233-4713-A185-ECBFB6A3B149}.Debug|x64.Build.0 = Debug|x64
		{F2023A5A-6233-4713-A185-ECBFB6A3B149}.Debug|x86.ActiveCfg = Debug|Win32
		{F2023A5A-6233-4713-A185-ECBFB6A3B149}.Debug|x86.Build.0 = Debug|Win32
		{F2023A5A-6233-4713-A185-ECBFB6A3B149}.Release|x64.ActiveCfg = Release|x64
		{F2023A5A-6233-4713-A185-ECBFB6A3B149}.Release|x64.Build.0 = Release|x64
		{F2023A5A-6233-4713-A185-ECBFB6A3B149}.Release|x86.ActiveCfg = Release|Win32
		{F2023A5A-6233-4713-A185-ECBFB6A3B149}.Release|x86.Build.0 = Release|Win32
	EndGlobalSection
	GlobalSection(SolutionProperties) = preSolution
		HideSolutionNode = FALSE
	EndGlobalSection
	GlobalSection(ExtensibilityGlobals) = postSolution
		SolutionGuid = {BCE9663B-268A-44B5-BF4A-C5938CFEE0BB}
	EndGlobalSection
EndGlobal
